github.com/dchest/captcha v0.0.0-20200903113550-03f5f0333e1f h1:q/DpyjJjZs94bziQ7YkBmIlpqbVP7yw179rnzoNVX1M=
github.com/dchest/captcha v0.0.0-20200903113550-03f5f0333e1f/go.mod h1:QGrK8vMWWHQYQ3QU9bw9Y9OPNfxccGzfb41qjvVeXtY=
github.com/fatih/structs v1.1.0 h1:Q7juDM0QtcnhCpeyLGQKyg4TOIghuNXrkL32pHAUMxo=
github.com/fatih/structs v1.1.0/go.mod h1:9NiDSp5zOcgEDl+j00MP/WkGVPOlPRLejGD8Ga6PJ7M=
github.com/goinggo/mapstructure v0.0.0-20140717182941-194205d9b4a9 h1:wqckanyE9qc/XnvnybC6SHOb8Nyd62QXAZOzA8twFig=
github.com/goinggo/mapstructure v0.0.0-20140717182941-194205d9b4a9/go.mod h1:64ikIrMv84B+raz7akXOqbF7cK3/OQQ/6cClY10oy7A=
github.com/miaocansky/go-tool/util v0.0.0-20220502073209-141ed69d29bf h1:dK+WMp4hRlLOwPgSUc9fH1BekmOOO8DJrwdU7KUxq9M=
github.com/miaocansky/go-tool/util v0.0.0-20220502073209-141ed69d29bf/go.mod h1:RdbjZBuTm6zIFSIx7CHLxW8jdigV/3UoyTj/wJYvClw=
