github.com/fatih/structs v1.1.0/go.mod h1:9NiDSp5zOcgEDl+j00MP/WkGVPOlPRLejGD8Ga6PJ7M=
github.com/goinggo/mapstructure v0.0.0-20140717182941-194205d9b4a9/go.mod h1:64ikIrMv84B+raz7akXOqbF7cK3/OQQ/6cClY10oy7A=
github.com/miaocansky/go-tool/util v0.0.0-20220505022602-e74d6c18795c h1:znBwrs1Ten13Y4sSGKrqfXurFSlabsZJJCRHL0VYmtI=
github.com/miaocansky/go-tool/util v0.0.0-20220505022602-e74d6c18795c/go.mod h1:RdbjZBuTm6zIFSIx7CHLxW8jdigV/3UoyTj/wJYvClw=
